
Microsoft Visual Studio Solution File, Format Version 12.00
# Visual Studio Version 16
VisualStudioVersion = 16.0.32106.194
MinimumVisualStudioVersion = 10.0.40219.1
Project("{FAE04EC0-301F-11D3-BF4B-00C04F79EFBC}") = "BasicClassConcepts", "BasicClassConcepts\BasicClassConcepts.csproj", "{04D2E0ED-99D1-4575-9255-3FB21BDE0D00}"
EndProject
Global
	GlobalSection(SolutionConfigurationPlatforms) = preSolution
		Debug|Any CPU = Debug|Any CPU
		Release|Any CPU = Release|Any CPU
	EndGlobalSection
	GlobalSection(ProjectConfigurationPlatforms) = postSolution
		{04D2E0ED-99D1-4575-9255-3FB21BDE0D00}.Debug|Any CPU.ActiveCfg = Debug|Any CPU
		{04D2E0ED-99D1-4575-9255-3FB21BDE0D00}.Debug|Any CPU.Build.0 = Debug|Any CPU
		{04D2E0ED-99D1-4575-9255-3FB21BDE0D00}.Release|Any CPU.ActiveCfg = Release|Any CPU
		{04D2E0ED-99D1-4575-9255-3FB21BDE0D00}.Release|Any CPU.Build.0 = Release|Any CPU
	EndGlobalSection
	GlobalSection(SolutionProperties) = preSolution
		HideSolutionNode = FALSE
	EndGlobalSection
	GlobalSection(ExtensibilityGlobals) = postSolution
		SolutionGuid = {026B3B8E-442E-4791-9203-60A0ED43B9B3}
	EndGlobalSection
EndGlobal
