
Microsoft Visual Studio Solution File, Format Version 12.00
# Visual Studio Version 16
VisualStudioVersion = 16.0.32106.194
MinimumVisualStudioVersion = 10.0.40219.1
Project("{FAE04EC0-301F-11D3-BF4B-00C04F79EFBC}") = "GenericsExample", "GenericsExample\GenericsExample.csproj", "{00968845-786D-478A-8338-23AC7730595D}"
EndProject
Project("{FAE04EC0-301F-11D3-BF4B-00C04F79EFBC}") = "CollectionsExample", "CollectionsExample\CollectionsExample.csproj", "{87EE266E-C272-4339-B2FC-0D640AECFDAA}"
EndProject
Project("{FAE04EC0-301F-11D3-BF4B-00C04F79EFBC}") = "ExceptionHandling", "ExceptionHandling\ExceptionHandling.csproj", "{C26F1247-C74D-4784-B6E3-3B4CBA056FA9}"
EndProject
Global
	GlobalSection(SolutionConfigurationPlatforms) = preSolution
		Debug|Any CPU = Debug|Any CPU
		Release|Any CPU = Release|Any CPU
	EndGlobalSection
	GlobalSection(ProjectConfigurationPlatforms) = postSolution
		{00968845-786D-478A-8338-23AC7730595D}.Debug|Any CPU.ActiveCfg = Debug|Any CPU
		{00968845-786D-478A-8338-23AC7730595D}.Debug|Any CPU.Build.0 = Debug|Any CPU
		{00968845-786D-478A-8338-23AC7730595D}.Release|Any CPU.ActiveCfg = Release|Any CPU
		{00968845-786D-478A-8338-23AC7730595D}.Release|Any CPU.Build.0 = Release|Any CPU
		{87EE266E-C272-4339-B2FC-0D640AECFDAA}.Debug|Any CPU.ActiveCfg = Debug|Any CPU
		{87EE266E-C272-4339-B2FC-0D640AECFDAA}.Debug|Any CPU.Build.0 = Debug|Any CPU
		{87EE266E-C272-4339-B2FC-0D640AECFDAA}.Release|Any CPU.ActiveCfg = Release|Any CPU
		{87EE266E-C272-4339-B2FC-0D640AECFDAA}.Release|Any CPU.Build.0 = Release|Any CPU
		{C26F1247-C74D-4784-B6E3-3B4CBA056FA9}.Debug|Any CPU.ActiveCfg = Debug|Any CPU
		{C26F1247-C74D-4784-B6E3-3B4CBA056FA9}.Debug|Any CPU.Build.0 = Debug|Any CPU
		{C26F1247-C74D-4784-B6E3-3B4CBA056FA9}.Release|Any CPU.ActiveCfg = Release|Any CPU
		{C26F1247-C74D-4784-B6E3-3B4CBA056FA9}.Release|Any CPU.Build.0 = Release|Any CPU
	EndGlobalSection
	GlobalSection(SolutionProperties) = preSolution
		HideSolutionNode = FALSE
	EndGlobalSection
	GlobalSection(ExtensibilityGlobals) = postSolution
		SolutionGuid = {41D1DB3C-D734-450C-AA62-D2C2971D3621}
	EndGlobalSection
EndGlobal
