
Microsoft Visual Studio Solution File, Format Version 12.00
# Visual Studio Version 16
VisualStudioVersion = 16.0.32106.194
MinimumVisualStudioVersion = 10.0.40219.1
Project("{FAE04EC0-301F-11D3-BF4B-00C04F79EFBC}") = "WebApplication1", "WebApplication1.csproj", "{9832F11F-DEC9-4CA7-8EA7-7CED2C856013}"
EndProject
Global
	GlobalSection(SolutionConfigurationPlatforms) = preSolution
		Debug|Any CPU = Debug|Any CPU
		Release|Any CPU = Release|Any CPU
	EndGlobalSection
	GlobalSection(ProjectConfigurationPlatforms) = postSolution
		{9832F11F-DEC9-4CA7-8EA7-7CED2C856013}.Debug|Any CPU.ActiveCfg = Debug|Any CPU
		{9832F11F-DEC9-4CA7-8EA7-7CED2C856013}.Debug|Any CPU.Build.0 = Debug|Any CPU
		{9832F11F-DEC9-4CA7-8EA7-7CED2C856013}.Release|Any CPU.ActiveCfg = Release|Any CPU
		{9832F11F-DEC9-4CA7-8EA7-7CED2C856013}.Release|Any CPU.Build.0 = Release|Any CPU
	EndGlobalSection
	GlobalSection(SolutionProperties) = preSolution
		HideSolutionNode = FALSE
	EndGlobalSection
	GlobalSection(ExtensibilityGlobals) = postSolution
		SolutionGuid = {9F916BE5-8954-4050-B8DB-53D90C403028}
	EndGlobalSection
EndGlobal
